
Microsoft Visual Studio Solution File, Format Version 12.00
# Visual Studio 2013
VisualStudioVersion = 12.0.21005.1
MinimumVisualStudioVersion = 10.0.40219.1
Project("{FAE04EC0-301F-11D3-BF4B-00C04F79EFBC}") = "KataHundredDoors", "KataHundredDoors\KataHundredDoors.csproj", "{FC169273-466C-4076-863E-40B9E644F848}"
	ProjectSection(ProjectDependencies) = postProject
		{C0216DF2-1C5A-47BA-AE40-A7E61E09F4CA} = {C0216DF2-1C5A-47BA-AE40-A7E61E09F4CA}
	EndProjectSection
EndProject
Project("{FAE04EC0-301F-11D3-BF4B-00C04F79EFBC}") = "HundredDoorsTest", "HundredDoorsTest\HundredDoorsTest.csproj", "{55C13451-27DD-4157-80AD-D8DE6A94EC73}"
	ProjectSection(ProjectDependencies) = postProject
		{C0216DF2-1C5A-47BA-AE40-A7E61E09F4CA} = {C0216DF2-1C5A-47BA-AE40-A7E61E09F4CA}
	EndProjectSection
EndProject
Project("{FAE04EC0-301F-11D3-BF4B-00C04F79EFBC}") = "KataHundredDoorsLibrary", "KataHundredDoorsLibrary\KataHundredDoorsLibrary.csproj", "{C0216DF2-1C5A-47BA-AE40-A7E61E09F4CA}"
EndProject
Global
	GlobalSection(SolutionConfigurationPlatforms) = preSolution
		Debug|Any CPU = Debug|Any CPU
		Release|Any CPU = Release|Any CPU
	EndGlobalSection
	GlobalSection(ProjectConfigurationPlatforms) = postSolution
		{FC169273-466C-4076-863E-40B9E644F848}.Debug|Any CPU.ActiveCfg = Debug|Any CPU
		{FC169273-466C-4076-863E-40B9E644F848}.Debug|Any CPU.Build.0 = Debug|Any CPU
		{FC169273-466C-4076-863E-40B9E644F848}.Release|Any CPU.ActiveCfg = Release|Any CPU
		{FC169273-466C-4076-863E-40B9E644F848}.Release|Any CPU.Build.0 = Release|Any CPU
		{55C13451-27DD-4157-80AD-D8DE6A94EC73}.Debug|Any CPU.ActiveCfg = Debug|Any CPU
		{55C13451-27DD-4157-80AD-D8DE6A94EC73}.Debug|Any CPU.Build.0 = Debug|Any CPU
		{55C13451-27DD-4157-80AD-D8DE6A94EC73}.Release|Any CPU.ActiveCfg = Release|Any CPU
		{55C13451-27DD-4157-80AD-D8DE6A94EC73}.Release|Any CPU.Build.0 = Release|Any CPU
		{C0216DF2-1C5A-47BA-AE40-A7E61E09F4CA}.Debug|Any CPU.ActiveCfg = Debug|Any CPU
		{C0216DF2-1C5A-47BA-AE40-A7E61E09F4CA}.Debug|Any CPU.Build.0 = Debug|Any CPU
		{C0216DF2-1C5A-47BA-AE40-A7E61E09F4CA}.Release|Any CPU.ActiveCfg = Release|Any CPU
		{C0216DF2-1C5A-47BA-AE40-A7E61E09F4CA}.Release|Any CPU.Build.0 = Release|Any CPU
	EndGlobalSection
	GlobalSection(SolutionProperties) = preSolution
		HideSolutionNode = FALSE
	EndGlobalSection
EndGlobal
